// !$*UTF8*$!
{
	archiveVersion = 1;
	classes = {
	};
	objectVersion = 55;
	objects = {

/* Begin PBXBuildFile section */
		A59A203627B4C97800F64A25 /* AppDelegate.swift in Sources */ = {isa = PBXBuildFile; fileRef = A59A203527B4C97800F64A25 /* AppDelegate.swift */; };
		A59A203827B4C97800F64A25 /* SceneDelegate.swift in Sources */ = {isa = PBXBuildFile; fileRef = A59A203727B4C97800F64A25 /* SceneDelegate.swift */; };
		A59A203D27B4C97800F64A25 /* Main.storyboard in Resources */ = {isa = PBXBuildFile; fileRef = A59A203B27B4C97800F64A25 /* Main.storyboard */; };
		A59A203F27B4C97A00F64A25 /* Assets.xcassets in Resources */ = {isa = PBXBuildFile; fileRef = A59A203E27B4C97A00F64A25 /* Assets.xcassets */; };
		A59A204227B4C97A00F64A25 /* LaunchScreen.storyboard in Resources */ = {isa = PBXBuildFile; fileRef = A59A204027B4C97A00F64A25 /* LaunchScreen.storyboard */; };
		A59A204D27B4C9AD00F64A25 /* Shop.swift in Sources */ = {isa = PBXBuildFile; fileRef = A59A204C27B4C9AD00F64A25 /* Shop.swift */; };
		A59A204F27B4C9B800F64A25 /* Menu.swift in Sources */ = {isa = PBXBuildFile; fileRef = A59A204E27B4C9B800F64A25 /* Menu.swift */; };
		A59A205127B4CA5D00F64A25 /* ShopCell.swift in Sources */ = {isa = PBXBuildFile; fileRef = A59A205027B4CA5C00F64A25 /* ShopCell.swift */; };
		A59A205427B4CC4800F64A25 /* API.swift in Sources */ = {isa = PBXBuildFile; fileRef = A59A205327B4CC4800F64A25 /* API.swift */; };
		A59A205627B4D28B00F64A25 /* HomeViewController.swift in Sources */ = {isa = PBXBuildFile; fileRef = A59A205527B4D28B00F64A25 /* HomeViewController.swift */; };
		A59A205827B4D43000F64A25 /* DetailViewController.swift in Sources */ = {isa = PBXBuildFile; fileRef = A59A205727B4D43000F64A25 /* DetailViewController.swift */; };
		A59A205A27B4D47600F64A25 /* MenuCell.swift in Sources */ = {isa = PBXBuildFile; fileRef = A59A205927B4D47600F64A25 /* MenuCell.swift */; };
/* End PBXBuildFile section */

/* Begin PBXFileReference section */
		A59A203227B4C97800F64A25 /* Midas-Interview.app */ = {isa = PBXFileReference; explicitFileType = wrapper.application; includeInIndex = 0; path = "Midas-Interview.app"; sourceTree = BUILT_PRODUCTS_DIR; };
		A59A203527B4C97800F64A25 /* AppDelegate.swift */ = {isa = PBXFileReference; lastKnownFileType = sourcecode.swift; path = AppDelegate.swift; sourceTree = "<group>"; };
		A59A203727B4C97800F64A25 /* SceneDelegate.swift */ = {isa = PBXFileReference; lastKnownFileType = sourcecode.swift; path = SceneDelegate.swift; sourceTree = "<group>"; };
		A59A203C27B4C97800F64A25 /* Base */ = {isa = PBXFileReference; lastKnownFileType = file.storyboard; name = Base; path = Base.lproj/Main.storyboard; sourceTree = "<group>"; };
		A59A203E27B4C97A00F64A25 /* Assets.xcassets */ = {isa = PBXFileReference; lastKnownFileType = folder.assetcatalog; path = Assets.xcassets; sourceTree = "<group>"; };
		A59A204127B4C97A00F64A25 /* Base */ = {isa = PBXFileReference; lastKnownFileType = file.storyboard; name = Base; path = Base.lproj/LaunchScreen.storyboard; sourceTree = "<group>"; };
		A59A204327B4C97A00F64A25 /* Info.plist */ = {isa = PBXFileReference; lastKnownFileType = text.plist.xml; path = Info.plist; sourceTree = "<group>"; };
		A59A204C27B4C9AD00F64A25 /* Shop.swift */ = {isa = PBXFileReference; lastKnownFileType = sourcecode.swift; path = Shop.swift; sourceTree = "<group>"; };
		A59A204E27B4C9B800F64A25 /* Menu.swift */ = {isa = PBXFileReference; lastKnownFileType = sourcecode.swift; path = Menu.swift; sourceTree = "<group>"; };
		A59A205027B4CA5C00F64A25 /* ShopCell.swift */ = {isa = PBXFileReference; lastKnownFileType = sourcecode.swift; path = ShopCell.swift; sourceTree = "<group>"; };
		A59A205327B4CC4800F64A25 /* API.swift */ = {isa = PBXFileReference; lastKnownFileType = sourcecode.swift; path = API.swift; sourceTree = "<group>"; };
		A59A205527B4D28B00F64A25 /* HomeViewController.swift */ = {isa = PBXFileReference; lastKnownFileType = sourcecode.swift; path = HomeViewController.swift; sourceTree = "<group>"; };
		A59A205727B4D43000F64A25 /* DetailViewController.swift */ = {isa = PBXFileReference; lastKnownFileType = sourcecode.swift; path = DetailViewController.swift; sourceTree = "<group>"; };
		A59A205927B4D47600F64A25 /* MenuCell.swift */ = {isa = PBXFileReference; lastKnownFileType = sourcecode.swift; path = MenuCell.swift; sourceTree = "<group>"; };
/* End PBXFileReference section */

/* Begin PBXFrameworksBuildPhase section */
		A59A202F27B4C97800F64A25 /* Frameworks */ = {
			isa = PBXFrameworksBuildPhase;
			buildActionMask = 2147483647;
			files = (
			);
			runOnlyForDeploymentPostprocessing = 0;
		};
/* End PBXFrameworksBuildPhase section */

/* Begin PBXGroup section */
		A59A202927B4C97800F64A25 = {
			isa = PBXGroup;
			children = (
				A59A203427B4C97800F64A25 /* Midas-Interview */,
				A59A203327B4C97800F64A25 /* Products */,
			);
			sourceTree = "<group>";
		};
		A59A203327B4C97800F64A25 /* Products */ = {
			isa = PBXGroup;
			children = (
				A59A203227B4C97800F64A25 /* Midas-Interview.app */,
			);
			name = Products;
			sourceTree = "<group>";
		};
		A59A203427B4C97800F64A25 /* Midas-Interview */ = {
			isa = PBXGroup;
			children = (
				A59A205227B4CC3A00F64A25 /* Services */,
				A59A204B27B4C98C00F64A25 /* ViewModel */,
				A59A204A27B4C98500F64A25 /* ViewController */,
				A59A204927B4C97F00F64A25 /* Model */,
				A59A203527B4C97800F64A25 /* AppDelegate.swift */,
				A59A203727B4C97800F64A25 /* SceneDelegate.swift */,
				A59A203B27B4C97800F64A25 /* Main.storyboard */,
				A59A203E27B4C97A00F64A25 /* Assets.xcassets */,
				A59A204027B4C97A00F64A25 /* LaunchScreen.storyboard */,
				A59A204327B4C97A00F64A25 /* Info.plist */,
			);
			path = "Midas-Interview";
			sourceTree = "<group>";
		};
		A59A204927B4C97F00F64A25 /* Model */ = {
			isa = PBXGroup;
			children = (
				A59A204C27B4C9AD00F64A25 /* Shop.swift */,
				A59A204E27B4C9B800F64A25 /* Menu.swift */,
			);
			path = Model;
			sourceTree = "<group>";
		};
		A59A204A27B4C98500F64A25 /* ViewController */ = {
			isa = PBXGroup;
			children = (
				A59A205B27B4D48F00F64A25 /* Cell */,
				A59A205527B4D28B00F64A25 /* HomeViewController.swift */,
				A59A205727B4D43000F64A25 /* DetailViewController.swift */,
			);
			path = ViewController;
			sourceTree = "<group>";
		};
		A59A204B27B4C98C00F64A25 /* ViewModel */ = {
			isa = PBXGroup;
			children = (
			);
			path = ViewModel;
			sourceTree = "<group>";
		};
		A59A205227B4CC3A00F64A25 /* Services */ = {
			isa = PBXGroup;
			children = (
				A59A205327B4CC4800F64A25 /* API.swift */,
			);
			path = Services;
			sourceTree = "<group>";
		};
		A59A205B27B4D48F00F64A25 /* Cell */ = {
			isa = PBXGroup;
			children = (
				A59A205027B4CA5C00F64A25 /* ShopCell.swift */,
				A59A205927B4D47600F64A25 /* MenuCell.swift */,
			);
			path = Cell;
			sourceTree = "<group>";
		};
/* End PBXGroup section */

/* Begin PBXNativeTarget section */
		A59A203127B4C97800F64A25 /* Midas-Interview */ = {
			isa = PBXNativeTarget;
			buildConfigurationList = A59A204627B4C97A00F64A25 /* Build configuration list for PBXNativeTarget "Midas-Interview" */;
			buildPhases = (
				A59A202E27B4C97800F64A25 /* Sources */,
				A59A202F27B4C97800F64A25 /* Frameworks */,
				A59A203027B4C97800F64A25 /* Resources */,
			);
			buildRules = (
			);
			dependencies = (
			);
			name = "Midas-Interview";
			productName = "Midas-Interview";
			productReference = A59A203227B4C97800F64A25 /* Midas-Interview.app */;
			productType = "com.apple.product-type.application";
		};
/* End PBXNativeTarget section */

/* Begin PBXProject section */
		A59A202A27B4C97800F64A25 /* Project object */ = {
			isa = PBXProject;
			attributes = {
				BuildIndependentTargetsInParallel = 1;
				LastSwiftUpdateCheck = 1320;
				LastUpgradeCheck = 1320;
				TargetAttributes = {
					A59A203127B4C97800F64A25 = {
						CreatedOnToolsVersion = 13.2.1;
					};
				};
			};
			buildConfigurationList = A59A202D27B4C97800F64A25 /* Build configuration list for PBXProject "Midas-Interview" */;
			compatibilityVersion = "Xcode 13.0";
			developmentRegion = en;
			hasScannedForEncodings = 0;
			knownRegions = (
				en,
				Base,
			);
			mainGroup = A59A202927B4C97800F64A25;
			productRefGroup = A59A203327B4C97800F64A25 /* Products */;
			projectDirPath = "";
			projectRoot = "";
			targets = (
				A59A203127B4C97800F64A25 /* Midas-Interview */,
			);
		};
/* End PBXProject section */

/* Begin PBXResourcesBuildPhase section */
		A59A203027B4C97800F64A25 /* Resources */ = {
			isa = PBXResourcesBuildPhase;
			buildActionMask = 2147483647;
			files = (
				A59A204227B4C97A00F64A25 /* LaunchScreen.storyboard in Resources */,
				A59A203F27B4C97A00F64A25 /* Assets.xcassets in Resources */,
				A59A203D27B4C97800F64A25 /* Main.storyboard in Resources */,
			);
			runOnlyForDeploymentPostprocessing = 0;
		};
/* End PBXResourcesBuildPhase section */

/* Begin PBXSourcesBuildPhase section */
		A59A202E27B4C97800F64A25 /* Sources */ = {
			isa = PBXSourcesBuildPhase;
			buildActionMask = 2147483647;
			files = (
				A59A205127B4CA5D00F64A25 /* ShopCell.swift in Sources */,
				A59A203627B4C97800F64A25 /* AppDelegate.swift in Sources */,
				A59A203827B4C97800F64A25 /* SceneDelegate.swift in Sources */,
				A59A205A27B4D47600F64A25 /* MenuCell.swift in Sources */,
				A59A204D27B4C9AD00F64A25 /* Shop.swift in Sources */,
				A59A205627B4D28B00F64A25 /* HomeViewController.swift in Sources */,
				A59A204F27B4C9B800F64A25 /* Menu.swift in Sources */,
				A59A205427B4CC4800F64A25 /* API.swift in Sources */,
				A59A205827B4D43000F64A25 /* DetailViewController.swift in Sources */,
			);
			runOnlyForDeploymentPostprocessing = 0;
		};
/* End PBXSourcesBuildPhase section */

/* Begin PBXVariantGroup section */
		A59A203B27B4C97800F64A25 /* Main.storyboard */ = {
			isa = PBXVariantGroup;
			children = (
				A59A203C27B4C97800F64A25 /* Base */,
			);
			name = Main.storyboard;
			sourceTree = "<group>";
		};
		A59A204027B4C97A00F64A25 /* LaunchScreen.storyboard */ = {
			isa = PBXVariantGroup;
			children = (
				A59A204127B4C97A00F64A25 /* Base */,
			);
			name = LaunchScreen.storyboard;
			sourceTree = "<group>";
		};
/* End PBXVariantGroup section */

/* Begin XCBuildConfiguration section */
		A59A204427B4C97A00F64A25 /* Debug */ = {
			isa = XCBuildConfiguration;
			buildSettings = {
				ALWAYS_SEARCH_USER_PATHS = NO;
				CLANG_ANALYZER_NONNULL = YES;
				CLANG_ANALYZER_NUMBER_OBJECT_CONVERSION = YES_AGGRESSIVE;
				CLANG_CXX_LANGUAGE_STANDARD = "gnu++17";
				CLANG_CXX_LIBRARY = "libc++";
				CLANG_ENABLE_MODULES = YES;
				CLANG_ENABLE_OBJC_ARC = YES;
				CLANG_ENABLE_OBJC_WEAK = YES;
				CLANG_WARN_BLOCK_CAPTURE_AUTORELEASING = YES;
				CLANG_WARN_BOOL_CONVERSION = YES;
				CLANG_WARN_COMMA = YES;
				CLANG_WARN_CONSTANT_CONVERSION = YES;
				CLANG_WARN_DEPRECATED_OBJC_IMPLEMENTATIONS = YES;
				CLANG_WARN_DIRECT_OBJC_ISA_USAGE = YES_ERROR;
				CLANG_WARN_DOCUMENTATION_COMMENTS = YES;
				CLANG_WARN_EMPTY_BODY = YES;
				CLANG_WARN_ENUM_CONVERSION = YES;
				CLANG_WARN_INFINITE_RECURSION = YES;
				CLANG_WARN_INT_CONVERSION = YES;
				CLANG_WARN_NON_LITERAL_NULL_CONVERSION = YES;
				CLANG_WARN_OBJC_IMPLICIT_RETAIN_SELF = YES;
				CLANG_WARN_OBJC_LITERAL_CONVERSION = YES;
				CLANG_WARN_OBJC_ROOT_CLASS = YES_ERROR;
				CLANG_WARN_QUOTED_INCLUDE_IN_FRAMEWORK_HEADER = YES;
				CLANG_WARN_RANGE_LOOP_ANALYSIS = YES;
				CLANG_WARN_STRICT_PROTOTYPES = YES;
				CLANG_WARN_SUSPICIOUS_MOVE = YES;
				CLANG_WARN_UNGUARDED_AVAILABILITY = YES_AGGRESSIVE;
				CLANG_WARN_UNREACHABLE_CODE = YES;
				CLANG_WARN__DUPLICATE_METHOD_MATCH = YES;
				COPY_PHASE_STRIP = NO;
				DEBUG_INFORMATION_FORMAT = dwarf;
				ENABLE_STRICT_OBJC_MSGSEND = YES;
				ENABLE_TESTABILITY = YES;
				GCC_C_LANGUAGE_STANDARD = gnu11;
				GCC_DYNAMIC_NO_PIC = NO;
				GCC_NO_COMMON_BLOCKS = YES;
				GCC_OPTIMIZATION_LEVEL = 0;
				GCC_PREPROCESSOR_DEFINITIONS = (
					"DEBUG=1",
					"$(inherited)",
				);
				GCC_WARN_64_TO_32_BIT_CONVERSION = YES;
				GCC_WARN_ABOUT_RETURN_TYPE = YES_ERROR;
				GCC_WARN_UNDECLARED_SELECTOR = YES;
				GCC_WARN_UNINITIALIZED_AUTOS = YES_AGGRESSIVE;
				GCC_WARN_UNUSED_FUNCTION = YES;
				GCC_WARN_UNUSED_VARIABLE = YES;
				IPHONEOS_DEPLOYMENT_TARGET = 15.2;
				MTL_ENABLE_DEBUG_INFO = INCLUDE_SOURCE;
				MTL_FAST_MATH = YES;
				ONLY_ACTIVE_ARCH = YES;
				SDKROOT = iphoneos;
				SWIFT_ACTIVE_COMPILATION_CONDITIONS = DEBUG;
				SWIFT_OPTIMIZATION_LEVEL = "-Onone";
			};
			name = Debug;
		};
		A59A204527B4C97A00F64A25 /* Release */ = {
			isa = XCBuildConfiguration;
			buildSettings = {
				ALWAYS_SEARCH_USER_PATHS = NO;
				CLANG_ANALYZER_NONNULL = YES;
				CLANG_ANALYZER_NUMBER_OBJECT_CONVERSION = YES_AGGRESSIVE;
				CLANG_CXX_LANGUAGE_STANDARD = "gnu++17";
				CLANG_CXX_LIBRARY = "libc++";
				CLANG_ENABLE_MODULES = YES;
				CLANG_ENABLE_OBJC_ARC = YES;
				CLANG_ENABLE_OBJC_WEAK = YES;
				CLANG_WARN_BLOCK_CAPTURE_AUTORELEASING = YES;
				CLANG_WARN_BOOL_CONVERSION = YES;
				CLANG_WARN_COMMA = YES;
				CLANG_WARN_CONSTANT_CONVERSION = YES;
				CLANG_WARN_DEPRECATED_OBJC_IMPLEMENTATIONS = YES;
				CLANG_WARN_DIRECT_OBJC_ISA_USAGE = YES_ERROR;
				CLANG_WARN_DOCUMENTATION_COMMENTS = YES;
				CLANG_WARN_EMPTY_BODY = YES;
				CLANG_WARN_ENUM_CONVERSION = YES;
				CLANG_WARN_INFINITE_RECURSION = YES;
				CLANG_WARN_INT_CONVERSION = YES;
				CLANG_WARN_NON_LITERAL_NULL_CONVERSION = YES;
				CLANG_WARN_OBJC_IMPLICIT_RETAIN_SELF = YES;
				CLANG_WARN_OBJC_LITERAL_CONVERSION = YES;
				CLANG_WARN_OBJC_ROOT_CLASS = YES_ERROR;
				CLANG_WARN_QUOTED_INCLUDE_IN_FRAMEWORK_HEADER = YES;
				CLANG_WARN_RANGE_LOOP_ANALYSIS = YES;
				CLANG_WARN_STRICT_PROTOTYPES = YES;
				CLANG_WARN_SUSPICIOUS_MOVE = YES;
				CLANG_WARN_UNGUARDED_AVAILABILITY = YES_AGGRESSIVE;
				CLANG_WARN_UNREACHABLE_CODE = YES;
				CLANG_WARN__DUPLICATE_METHOD_MATCH = YES;
				COPY_PHASE_STRIP = NO;
				DEBUG_INFORMATION_FORMAT = "dwarf-with-dsym";
				ENABLE_NS_ASSERTIONS = NO;
				ENABLE_STRICT_OBJC_MSGSEND = YES;
				GCC_C_LANGUAGE_STANDARD = gnu11;
				GCC_NO_COMMON_BLOCKS = YES;
				GCC_WARN_64_TO_32_BIT_CONVERSION = YES;
				GCC_WARN_ABOUT_RETURN_TYPE = YES_ERROR;
				GCC_WARN_UNDECLARED_SELECTOR = YES;
				GCC_WARN_UNINITIALIZED_AUTOS = YES_AGGRESSIVE;
				GCC_WARN_UNUSED_FUNCTION = YES;
				GCC_WARN_UNUSED_VARIABLE = YES;
				IPHONEOS_DEPLOYMENT_TARGET = 15.2;
				MTL_ENABLE_DEBUG_INFO = NO;
				MTL_FAST_MATH = YES;
				SDKROOT = iphoneos;
				SWIFT_COMPILATION_MODE = wholemodule;
				SWIFT_OPTIMIZATION_LEVEL = "-O";
				VALIDATE_PRODUCT = YES;
			};
			name = Release;
		};
		A59A204727B4C97A00F64A25 /* Debug */ = {
			isa = XCBuildConfiguration;
			buildSettings = {
				ASSETCATALOG_COMPILER_APPICON_NAME = AppIcon;
				ASSETCATALOG_COMPILER_GLOBAL_ACCENT_COLOR_NAME = AccentColor;
				CODE_SIGN_STYLE = Automatic;
				CURRENT_PROJECT_VERSION = 1;
				DEVELOPMENT_TEAM = YKQLRUN464;
				GENERATE_INFOPLIST_FILE = YES;
				INFOPLIST_FILE = "Midas-Interview/Info.plist";
				INFOPLIST_KEY_UIApplicationSupportsIndirectInputEvents = YES;
				INFOPLIST_KEY_UILaunchStoryboardName = LaunchScreen;
				INFOPLIST_KEY_UIMainStoryboardFile = Main;
				INFOPLIST_KEY_UISupportedInterfaceOrientations_iPad = "UIInterfaceOrientationPortrait UIInterfaceOrientationPortraitUpsideDown UIInterfaceOrientationLandscapeLeft UIInterfaceOrientationLandscapeRight";
				INFOPLIST_KEY_UISupportedInterfaceOrientations_iPhone = "UIInterfaceOrientationPortrait UIInterfaceOrientationLandscapeLeft UIInterfaceOrientationLandscapeRight";
				LD_RUNPATH_SEARCH_PATHS = (
					"$(inherited)",
					"@executable_path/Frameworks",
				);
				MARKETING_VERSION = 1.0;
				PRODUCT_BUNDLE_IDENTIFIER = "com.aldinonid.Midas-Interview";
				PRODUCT_NAME = "$(TARGET_NAME)";
				SWIFT_EMIT_LOC_STRINGS = YES;
				SWIFT_VERSION = 5.0;
				TARGETED_DEVICE_FAMILY = "1,2";
			};
			name = Debug;
		};
		A59A204827B4C97A00F64A25 /* Release */ = {
			isa = XCBuildConfiguration;
			buildSettings = {
				ASSETCATALOG_COMPILER_APPICON_NAME = AppIcon;
				ASSETCATALOG_COMPILER_GLOBAL_ACCENT_COLOR_NAME = AccentColor;
				CODE_SIGN_STYLE = Automatic;
				CURRENT_PROJECT_VERSION = 1;
				DEVELOPMENT_TEAM = YKQLRUN464;
				GENERATE_INFOPLIST_FILE = YES;
				INFOPLIST_FILE = "Midas-Interview/Info.plist";
				INFOPLIST_KEY_UIApplicationSupportsIndirectInputEvents = YES;
				INFOPLIST_KEY_UILaunchStoryboardName = LaunchScreen;
				INFOPLIST_KEY_UIMainStoryboardFile = Main;
				INFOPLIST_KEY_UISupportedInterfaceOrientations_iPad = "UIInterfaceOrientationPortrait UIInterfaceOrientationPortraitUpsideDown UIInterfaceOrientationLandscapeLeft UIInterfaceOrientationLandscapeRight";
				INFOPLIST_KEY_UISupportedInterfaceOrientations_iPhone = "UIInterfaceOrientationPortrait UIInterfaceOrientationLandscapeLeft UIInterfaceOrientationLandscapeRight";
				LD_RUNPATH_SEARCH_PATHS = (
					"$(inherited)",
					"@executable_path/Frameworks",
				);
				MARKETING_VERSION = 1.0;
				PRODUCT_BUNDLE_IDENTIFIER = "com.aldinonid.Midas-Interview";
				PRODUCT_NAME = "$(TARGET_NAME)";
				SWIFT_EMIT_LOC_STRINGS = YES;
				SWIFT_VERSION = 5.0;
				TARGETED_DEVICE_FAMILY = "1,2";
			};
			name = Release;
		};
/* End XCBuildConfiguration section */

/* Begin XCConfigurationList section */
		A59A202D27B4C97800F64A25 /* Build configuration list for PBXProject "Midas-Interview" */ = {
			isa = XCConfigurationList;
			buildConfigurations = (
				A59A204427B4C97A00F64A25 /* Debug */,
				A59A204527B4C97A00F64A25 /* Release */,
			);
			defaultConfigurationIsVisible = 0;
			defaultConfigurationName = Release;
		};
		A59A204627B4C97A00F64A25 /* Build configuration list for PBXNativeTarget "Midas-Interview" */ = {
			isa = XCConfigurationList;
			buildConfigurations = (
				A59A204727B4C97A00F64A25 /* Debug */,
				A59A204827B4C97A00F64A25 /* Release */,
			);
			defaultConfigurationIsVisible = 0;
			defaultConfigurationName = Release;
		};
/* End XCConfigurationList section */
	};
	rootObject = A59A202A27B4C97800F64A25 /* Project object */;
}
